
Microsoft Visual Studio Solution File, Format Version 12.00
# Visual Studio Version 16
VisualStudioVersion = 16.0.31911.196
MinimumVisualStudioVersion = 10.0.40219.1
Project("{FAE04EC0-301F-11D3-BF4B-00C04F79EFBC}") = "testForms4.5", "testForms4.5\testForms4.5.csproj", "{CF7C0212-2A88-42ED-932A-95761FE37635}"
EndProject
Global
	GlobalSection(SolutionConfigurationPlatforms) = preSolution
		Debug|Any CPU = Debug|Any CPU
		Release|Any CPU = Release|Any CPU
	EndGlobalSection
	GlobalSection(ProjectConfigurationPlatforms) = postSolution
		{CF7C0212-2A88-42ED-932A-95761FE37635}.Debug|Any CPU.ActiveCfg = Debug|Any CPU
		{CF7C0212-2A88-42ED-932A-95761FE37635}.Debug|Any CPU.Build.0 = Debug|Any CPU
		{CF7C0212-2A88-42ED-932A-95761FE37635}.Release|Any CPU.ActiveCfg = Release|Any CPU
		{CF7C0212-2A88-42ED-932A-95761FE37635}.Release|Any CPU.Build.0 = Release|Any CPU
	EndGlobalSection
	GlobalSection(SolutionProperties) = preSolution
		HideSolutionNode = FALSE
	EndGlobalSection
	GlobalSection(ExtensibilityGlobals) = postSolution
		SolutionGuid = {688B879C-6DEF-4A49-87C5-1A7BCD7F2415}
	EndGlobalSection
EndGlobal
